
Microsoft Visual Studio Solution File, Format Version 12.00
# Visual Studio Version 17
VisualStudioVersion = 17.1.32328.378
MinimumVisualStudioVersion = 10.0.40219.1
Project("{FAE04EC0-301F-11D3-BF4B-00C04F79EFBC}") = "CodeFirstEFDemo", "CodeFirstEFDemo\CodeFirstEFDemo.csproj", "{8BF3352B-7F50-4813-867A-9A213ABC2EB6}"
EndProject
Global
	GlobalSection(SolutionConfigurationPlatforms) = preSolution
		Debug|Any CPU = Debug|Any CPU
		Release|Any CPU = Release|Any CPU
	EndGlobalSection
	GlobalSection(ProjectConfigurationPlatforms) = postSolution
		{8BF3352B-7F50-4813-867A-9A213ABC2EB6}.Debug|Any CPU.ActiveCfg = Debug|Any CPU
		{8BF3352B-7F50-4813-867A-9A213ABC2EB6}.Debug|Any CPU.Build.0 = Debug|Any CPU
		{8BF3352B-7F50-4813-867A-9A213ABC2EB6}.Release|Any CPU.ActiveCfg = Release|Any CPU
		{8BF3352B-7F50-4813-867A-9A213ABC2EB6}.Release|Any CPU.Build.0 = Release|Any CPU
	EndGlobalSection
	GlobalSection(SolutionProperties) = preSolution
		HideSolutionNode = FALSE
	EndGlobalSection
	GlobalSection(ExtensibilityGlobals) = postSolution
		SolutionGuid = {2D0D05DD-4A89-44CE-BC03-F8B470800654}
	EndGlobalSection
EndGlobal
